// !$*UTF8*$!
{
	archiveVersion = 1;
	classes = {
	};
	objectVersion = 46;
	objects = {

/* Begin PBXBuildFile section */
		172504B719CF1E6600C3B33E /* Model.xcdatamodeld in Sources */ = {isa = PBXBuildFile; fileRef = 172504B519CF1E6600C3B33E /* Model.xcdatamodeld */; };
		17856D9D19CEC65400FE61B0 /* AppDelegate.swift in Sources */ = {isa = PBXBuildFile; fileRef = 17856D9C19CEC65400FE61B0 /* AppDelegate.swift */; };
		17856D9F19CEC65400FE61B0 /* FirstViewController.swift in Sources */ = {isa = PBXBuildFile; fileRef = 17856D9E19CEC65400FE61B0 /* FirstViewController.swift */; };
		17856DA119CEC65400FE61B0 /* SecondViewController.swift in Sources */ = {isa = PBXBuildFile; fileRef = 17856DA019CEC65400FE61B0 /* SecondViewController.swift */; };
		17856DA419CEC65500FE61B0 /* Main.storyboard in Resources */ = {isa = PBXBuildFile; fileRef = 17856DA219CEC65400FE61B0 /* Main.storyboard */; };
		17856DA619CEC65500FE61B0 /* Images.xcassets in Resources */ = {isa = PBXBuildFile; fileRef = 17856DA519CEC65500FE61B0 /* Images.xcassets */; };
		17856DB519CEC65500FE61B0 /* TodoTests.swift in Sources */ = {isa = PBXBuildFile; fileRef = 17856DB419CEC65500FE61B0 /* TodoTests.swift */; };
		17856DBF19CEC75B00FE61B0 /* TaskManager.swift in Sources */ = {isa = PBXBuildFile; fileRef = 17856DBE19CEC75A00FE61B0 /* TaskManager.swift */; };
		17856DC319CEE0A100FE61B0 /* 3.png in Resources */ = {isa = PBXBuildFile; fileRef = 17856DC019CEE0A100FE61B0 /* 3.png */; };
		17856DC419CEE0A100FE61B0 /* 2.png in Resources */ = {isa = PBXBuildFile; fileRef = 17856DC119CEE0A100FE61B0 /* 2.png */; };
		17856DC519CEE0A100FE61B0 /* 1.png in Resources */ = {isa = PBXBuildFile; fileRef = 17856DC219CEE0A100FE61B0 /* 1.png */; };
		17856DC919CEE23E00FE61B0 /* 2.png in Resources */ = {isa = PBXBuildFile; fileRef = 17856DC619CEE23E00FE61B0 /* 2.png */; };
		17856DCA19CEE23E00FE61B0 /* 3.png in Resources */ = {isa = PBXBuildFile; fileRef = 17856DC719CEE23E00FE61B0 /* 3.png */; };
		17856DCB19CEE23E00FE61B0 /* 1.png in Resources */ = {isa = PBXBuildFile; fileRef = 17856DC819CEE23E00FE61B0 /* 1.png */; };
		17856DD119CEE63100FE61B0 /* 1X.png in Resources */ = {isa = PBXBuildFile; fileRef = 17856DD019CEE63100FE61B0 /* 1X.png */; };
/* End PBXBuildFile section */

/* Begin PBXContainerItemProxy section */
		17856DAF19CEC65500FE61B0 /* PBXContainerItemProxy */ = {
			isa = PBXContainerItemProxy;
			containerPortal = 17856D8F19CEC65400FE61B0 /* Project object */;
			proxyType = 1;
			remoteGlobalIDString = 17856D9619CEC65400FE61B0;
			remoteInfo = Todo;
		};
/* End PBXContainerItemProxy section */

/* Begin PBXFileReference section */
		172504B619CF1E6600C3B33E /* Model.xcdatamodel */ = {isa = PBXFileReference; lastKnownFileType = wrapper.xcdatamodel; path = Model.xcdatamodel; sourceTree = "<group>"; };
		17856D9719CEC65400FE61B0 /* Todo.app */ = {isa = PBXFileReference; explicitFileType = wrapper.application; includeInIndex = 0; path = Todo.app; sourceTree = BUILT_PRODUCTS_DIR; };
		17856D9B19CEC65400FE61B0 /* Info.plist */ = {isa = PBXFileReference; lastKnownFileType = text.plist.xml; path = Info.plist; sourceTree = "<group>"; };
		17856D9C19CEC65400FE61B0 /* AppDelegate.swift */ = {isa = PBXFileReference; lastKnownFileType = sourcecode.swift; path = AppDelegate.swift; sourceTree = "<group>"; };
		17856D9E19CEC65400FE61B0 /* FirstViewController.swift */ = {isa = PBXFileReference; lastKnownFileType = sourcecode.swift; path = FirstViewController.swift; sourceTree = "<group>"; };
		17856DA019CEC65400FE61B0 /* SecondViewController.swift */ = {isa = PBXFileReference; lastKnownFileType = sourcecode.swift; path = SecondViewController.swift; sourceTree = "<group>"; };
		17856DA319CEC65400FE61B0 /* Base */ = {isa = PBXFileReference; lastKnownFileType = file.storyboard; name = Base; path = Base.lproj/Main.storyboard; sourceTree = "<group>"; };
		17856DA519CEC65500FE61B0 /* Images.xcassets */ = {isa = PBXFileReference; lastKnownFileType = folder.assetcatalog; path = Images.xcassets; sourceTree = "<group>"; };
		17856DAE19CEC65500FE61B0 /* TodoTests.xctest */ = {isa = PBXFileReference; explicitFileType = wrapper.cfbundle; includeInIndex = 0; path = TodoTests.xctest; sourceTree = BUILT_PRODUCTS_DIR; };
		17856DB319CEC65500FE61B0 /* Info.plist */ = {isa = PBXFileReference; lastKnownFileType = text.plist.xml; path = Info.plist; sourceTree = "<group>"; };
		17856DB419CEC65500FE61B0 /* TodoTests.swift */ = {isa = PBXFileReference; lastKnownFileType = sourcecode.swift; path = TodoTests.swift; sourceTree = "<group>"; };
		17856DBE19CEC75A00FE61B0 /* TaskManager.swift */ = {isa = PBXFileReference; fileEncoding = 4; lastKnownFileType = sourcecode.swift; path = TaskManager.swift; sourceTree = "<group>"; };
		17856DC019CEE0A100FE61B0 /* 3.png */ = {isa = PBXFileReference; lastKnownFileType = image.png; name = 3.png; path = ../../../Desktop/3.png; sourceTree = "<group>"; };
		17856DC119CEE0A100FE61B0 /* 2.png */ = {isa = PBXFileReference; lastKnownFileType = image.png; name = 2.png; path = ../../../Desktop/2.png; sourceTree = "<group>"; };
		17856DC219CEE0A100FE61B0 /* 1.png */ = {isa = PBXFileReference; lastKnownFileType = image.png; name = 1.png; path = ../../../Desktop/1.png; sourceTree = "<group>"; };
		17856DC619CEE23E00FE61B0 /* 2.png */ = {isa = PBXFileReference; lastKnownFileType = image.png; name = 2.png; path = ../../../Desktop/2.png; sourceTree = "<group>"; };
		17856DC719CEE23E00FE61B0 /* 3.png */ = {isa = PBXFileReference; lastKnownFileType = image.png; name = 3.png; path = ../../../Desktop/3.png; sourceTree = "<group>"; };
		17856DC819CEE23E00FE61B0 /* 1.png */ = {isa = PBXFileReference; lastKnownFileType = image.png; name = 1.png; path = ../../../Desktop/1.png; sourceTree = "<group>"; };
		17856DD019CEE63100FE61B0 /* 1X.png */ = {isa = PBXFileReference; lastKnownFileType = image.png; name = 1X.png; path = ../../../Desktop/1X.png; sourceTree = "<group>"; };
/* End PBXFileReference section */

/* Begin PBXFrameworksBuildPhase section */
		17856D9419CEC65400FE61B0 /* Frameworks */ = {
			isa = PBXFrameworksBuildPhase;
			buildActionMask = 2147483647;
			files = (
			);
			runOnlyForDeploymentPostprocessing = 0;
		};
		17856DAB19CEC65500FE61B0 /* Frameworks */ = {
			isa = PBXFrameworksBuildPhase;
			buildActionMask = 2147483647;
			files = (
			);
			runOnlyForDeploymentPostprocessing = 0;
		};
/* End PBXFrameworksBuildPhase section */

/* Begin PBXGroup section */
		17856D8E19CEC65400FE61B0 = {
			isa = PBXGroup;
			children = (
				17856D9919CEC65400FE61B0 /* Todo */,
				17856DB119CEC65500FE61B0 /* TodoTests */,
				17856D9819CEC65400FE61B0 /* Products */,
			);
			sourceTree = "<group>";
		};
		17856D9819CEC65400FE61B0 /* Products */ = {
			isa = PBXGroup;
			children = (
				17856D9719CEC65400FE61B0 /* Todo.app */,
				17856DAE19CEC65500FE61B0 /* TodoTests.xctest */,
			);
			name = Products;
			sourceTree = "<group>";
		};
		17856D9919CEC65400FE61B0 /* Todo */ = {
			isa = PBXGroup;
			children = (
				17856D9C19CEC65400FE61B0 /* AppDelegate.swift */,
				17856D9E19CEC65400FE61B0 /* FirstViewController.swift */,
				17856DA019CEC65400FE61B0 /* SecondViewController.swift */,
				17856DA219CEC65400FE61B0 /* Main.storyboard */,
				17856DA519CEC65500FE61B0 /* Images.xcassets */,
				172504B519CF1E6600C3B33E /* Model.xcdatamodeld */,
				17856D9A19CEC65400FE61B0 /* Supporting Files */,
				17856DBE19CEC75A00FE61B0 /* TaskManager.swift */,
			);
			path = Todo;
			sourceTree = "<group>";
		};
		17856D9A19CEC65400FE61B0 /* Supporting Files */ = {
			isa = PBXGroup;
			children = (
				17856DD019CEE63100FE61B0 /* 1X.png */,
				17856DC619CEE23E00FE61B0 /* 2.png */,
				17856DC719CEE23E00FE61B0 /* 3.png */,
				17856DC819CEE23E00FE61B0 /* 1.png */,
				17856DC019CEE0A100FE61B0 /* 3.png */,
				17856DC119CEE0A100FE61B0 /* 2.png */,
				17856DC219CEE0A100FE61B0 /* 1.png */,
				17856D9B19CEC65400FE61B0 /* Info.plist */,
			);
			name = "Supporting Files";
			sourceTree = "<group>";
		};
		17856DB119CEC65500FE61B0 /* TodoTests */ = {
			isa = PBXGroup;
			children = (
				17856DB419CEC65500FE61B0 /* TodoTests.swift */,
				17856DB219CEC65500FE61B0 /* Supporting Files */,
			);
			path = TodoTests;
			sourceTree = "<group>";
		};
		17856DB219CEC65500FE61B0 /* Supporting Files */ = {
			isa = PBXGroup;
			children = (
				17856DB319CEC65500FE61B0 /* Info.plist */,
			);
			name = "Supporting Files";
			sourceTree = "<group>";
		};
/* End PBXGroup section */

/* Begin PBXNativeTarget section */
		17856D9619CEC65400FE61B0 /* Todo */ = {
			isa = PBXNativeTarget;
			buildConfigurationList = 17856DB819CEC65500FE61B0 /* Build configuration list for PBXNativeTarget "Todo" */;
			buildPhases = (
				17856D9319CEC65400FE61B0 /* Sources */,
				17856D9419CEC65400FE61B0 /* Frameworks */,
				17856D9519CEC65400FE61B0 /* Resources */,
			);
			buildRules = (
			);
			dependencies = (
			);
			name = Todo;
			productName = Todo;
			productReference = 17856D9719CEC65400FE61B0 /* Todo.app */;
			productType = "com.apple.product-type.application";
		};
		17856DAD19CEC65500FE61B0 /* TodoTests */ = {
			isa = PBXNativeTarget;
			buildConfigurationList = 17856DBB19CEC65500FE61B0 /* Build configuration list for PBXNativeTarget "TodoTests" */;
			buildPhases = (
				17856DAA19CEC65500FE61B0 /* Sources */,
				17856DAB19CEC65500FE61B0 /* Frameworks */,
				17856DAC19CEC65500FE61B0 /* Resources */,
			);
			buildRules = (
			);
			dependencies = (
				17856DB019CEC65500FE61B0 /* PBXTargetDependency */,
			);
			name = TodoTests;
			productName = TodoTests;
			productReference = 17856DAE19CEC65500FE61B0 /* TodoTests.xctest */;
			productType = "com.apple.product-type.bundle.unit-test";
		};
/* End PBXNativeTarget section */

/* Begin PBXProject section */
		17856D8F19CEC65400FE61B0 /* Project object */ = {
			isa = PBXProject;
			attributes = {
				LastUpgradeCheck = 0600;
				ORGANIZATIONNAME = qruize;
				TargetAttributes = {
					17856D9619CEC65400FE61B0 = {
						CreatedOnToolsVersion = 6.0.1;
					};
					17856DAD19CEC65500FE61B0 = {
						CreatedOnToolsVersion = 6.0.1;
						TestTargetID = 17856D9619CEC65400FE61B0;
					};
				};
			};
			buildConfigurationList = 17856D9219CEC65400FE61B0 /* Build configuration list for PBXProject "Todo" */;
			compatibilityVersion = "Xcode 3.2";
			developmentRegion = English;
			hasScannedForEncodings = 0;
			knownRegions = (
				en,
				Base,
			);
			mainGroup = 17856D8E19CEC65400FE61B0;
			productRefGroup = 17856D9819CEC65400FE61B0 /* Products */;
			projectDirPath = "";
			projectRoot = "";
			targets = (
				17856D9619CEC65400FE61B0 /* Todo */,
				17856DAD19CEC65500FE61B0 /* TodoTests */,
			);
		};
/* End PBXProject section */

/* Begin PBXResourcesBuildPhase section */
		17856D9519CEC65400FE61B0 /* Resources */ = {
			isa = PBXResourcesBuildPhase;
			buildActionMask = 2147483647;
			files = (
				17856DD119CEE63100FE61B0 /* 1X.png in Resources */,
				17856DCB19CEE23E00FE61B0 /* 1.png in Resources */,
				17856DA419CEC65500FE61B0 /* Main.storyboard in Resources */,
				17856DC919CEE23E00FE61B0 /* 2.png in Resources */,
				17856DCA19CEE23E00FE61B0 /* 3.png in Resources */,
				17856DC419CEE0A100FE61B0 /* 2.png in Resources */,
				17856DC519CEE0A100FE61B0 /* 1.png in Resources */,
				17856DA619CEC65500FE61B0 /* Images.xcassets in Resources */,
				17856DC319CEE0A100FE61B0 /* 3.png in Resources */,
			);
			runOnlyForDeploymentPostprocessing = 0;
		};
		17856DAC19CEC65500FE61B0 /* Resources */ = {
			isa = PBXResourcesBuildPhase;
			buildActionMask = 2147483647;
			files = (
			);
			runOnlyForDeploymentPostprocessing = 0;
		};
/* End PBXResourcesBuildPhase section */

/* Begin PBXSourcesBuildPhase section */
		17856D9319CEC65400FE61B0 /* Sources */ = {
			isa = PBXSourcesBuildPhase;
			buildActionMask = 2147483647;
			files = (
				17856DA119CEC65400FE61B0 /* SecondViewController.swift in Sources */,
				17856D9D19CEC65400FE61B0 /* AppDelegate.swift in Sources */,
				172504B719CF1E6600C3B33E /* Model.xcdatamodeld in Sources */,
				17856DBF19CEC75B00FE61B0 /* TaskManager.swift in Sources */,
				17856D9F19CEC65400FE61B0 /* FirstViewController.swift in Sources */,
			);
			runOnlyForDeploymentPostprocessing = 0;
		};
		17856DAA19CEC65500FE61B0 /* Sources */ = {
			isa = PBXSourcesBuildPhase;
			buildActionMask = 2147483647;
			files = (
				17856DB519CEC65500FE61B0 /* TodoTests.swift in Sources */,
			);
			runOnlyForDeploymentPostprocessing = 0;
		};
/* End PBXSourcesBuildPhase section */

/* Begin PBXTargetDependency section */
		17856DB019CEC65500FE61B0 /* PBXTargetDependency */ = {
			isa = PBXTargetDependency;
			target = 17856D9619CEC65400FE61B0 /* Todo */;
			targetProxy = 17856DAF19CEC65500FE61B0 /* PBXContainerItemProxy */;
		};
/* End PBXTargetDependency section */

/* Begin PBXVariantGroup section */
		17856DA219CEC65400FE61B0 /* Main.storyboard */ = {
			isa = PBXVariantGroup;
			children = (
				17856DA319CEC65400FE61B0 /* Base */,
			);
			name = Main.storyboard;
			sourceTree = "<group>";
		};
/* End PBXVariantGroup section */

/* Begin XCBuildConfiguration section */
		17856DB619CEC65500FE61B0 /* Debug */ = {
			isa = XCBuildConfiguration;
			buildSettings = {
				ALWAYS_SEARCH_USER_PATHS = NO;
				CLANG_CXX_LANGUAGE_STANDARD = "gnu++0x";
				CLANG_CXX_LIBRARY = "libc++";
				CLANG_ENABLE_MODULES = YES;
				CLANG_ENABLE_OBJC_ARC = YES;
				CLANG_WARN_BOOL_CONVERSION = YES;
				CLANG_WARN_CONSTANT_CONVERSION = YES;
				CLANG_WARN_DIRECT_OBJC_ISA_USAGE = YES_ERROR;
				CLANG_WARN_EMPTY_BODY = YES;
				CLANG_WARN_ENUM_CONVERSION = YES;
				CLANG_WARN_INT_CONVERSION = YES;
				CLANG_WARN_OBJC_ROOT_CLASS = YES_ERROR;
				CLANG_WARN_UNREACHABLE_CODE = YES;
				CLANG_WARN__DUPLICATE_METHOD_MATCH = YES;
				"CODE_SIGN_IDENTITY[sdk=iphoneos*]" = "iPhone Developer";
				COPY_PHASE_STRIP = NO;
				ENABLE_STRICT_OBJC_MSGSEND = YES;
				GCC_C_LANGUAGE_STANDARD = gnu99;
				GCC_DYNAMIC_NO_PIC = NO;
				GCC_OPTIMIZATION_LEVEL = 0;
				GCC_PREPROCESSOR_DEFINITIONS = (
					"DEBUG=1",
					"$(inherited)",
				);
				GCC_SYMBOLS_PRIVATE_EXTERN = NO;
				GCC_WARN_64_TO_32_BIT_CONVERSION = YES;
				GCC_WARN_ABOUT_RETURN_TYPE = YES_ERROR;
				GCC_WARN_UNDECLARED_SELECTOR = YES;
				GCC_WARN_UNINITIALIZED_AUTOS = YES_AGGRESSIVE;
				GCC_WARN_UNUSED_FUNCTION = YES;
				GCC_WARN_UNUSED_VARIABLE = YES;
				IPHONEOS_DEPLOYMENT_TARGET = 8.0;
				MTL_ENABLE_DEBUG_INFO = YES;
				ONLY_ACTIVE_ARCH = YES;
				SDKROOT = iphoneos;
				SWIFT_OPTIMIZATION_LEVEL = "-Onone";
				TARGETED_DEVICE_FAMILY = "1,2";
			};
			name = Debug;
		};
		17856DB719CEC65500FE61B0 /* Release */ = {
			isa = XCBuildConfiguration;
			buildSettings = {
				ALWAYS_SEARCH_USER_PATHS = NO;
				CLANG_CXX_LANGUAGE_STANDARD = "gnu++0x";
				CLANG_CXX_LIBRARY = "libc++";
				CLANG_ENABLE_MODULES = YES;
				CLANG_ENABLE_OBJC_ARC = YES;
				CLANG_WARN_BOOL_CONVERSION = YES;
				CLANG_WARN_CONSTANT_CONVERSION = YES;
				CLANG_WARN_DIRECT_OBJC_ISA_USAGE = YES_ERROR;
				CLANG_WARN_EMPTY_BODY = YES;
				CLANG_WARN_ENUM_CONVERSION = YES;
				CLANG_WARN_INT_CONVERSION = YES;
				CLANG_WARN_OBJC_ROOT_CLASS = YES_ERROR;
				CLANG_WARN_UNREACHABLE_CODE = YES;
				CLANG_WARN__DUPLICATE_METHOD_MATCH = YES;
				"CODE_SIGN_IDENTITY[sdk=iphoneos*]" = "iPhone Developer";
				COPY_PHASE_STRIP = YES;
				ENABLE_NS_ASSERTIONS = NO;
				ENABLE_STRICT_OBJC_MSGSEND = YES;
				GCC_C_LANGUAGE_STANDARD = gnu99;
				GCC_WARN_64_TO_32_BIT_CONVERSION = YES;
				GCC_WARN_ABOUT_RETURN_TYPE = YES_ERROR;
				GCC_WARN_UNDECLARED_SELECTOR = YES;
				GCC_WARN_UNINITIALIZED_AUTOS = YES_AGGRESSIVE;
				GCC_WARN_UNUSED_FUNCTION = YES;
				GCC_WARN_UNUSED_VARIABLE = YES;
				IPHONEOS_DEPLOYMENT_TARGET = 8.0;
				MTL_ENABLE_DEBUG_INFO = NO;
				SDKROOT = iphoneos;
				TARGETED_DEVICE_FAMILY = "1,2";
				VALIDATE_PRODUCT = YES;
			};
			name = Release;
		};
		17856DB919CEC65500FE61B0 /* Debug */ = {
			isa = XCBuildConfiguration;
			buildSettings = {
				ASSETCATALOG_COMPILER_APPICON_NAME = AppIcon;
				ASSETCATALOG_COMPILER_LAUNCHIMAGE_NAME = LaunchImage;
				INFOPLIST_FILE = Todo/Info.plist;
				IPHONEOS_DEPLOYMENT_TARGET = 7.1;
				LD_RUNPATH_SEARCH_PATHS = "$(inherited) @executable_path/Frameworks";
				PRODUCT_NAME = "$(TARGET_NAME)";
			};
			name = Debug;
		};
		17856DBA19CEC65500FE61B0 /* Release */ = {
			isa = XCBuildConfiguration;
			buildSettings = {
				ASSETCATALOG_COMPILER_APPICON_NAME = AppIcon;
				ASSETCATALOG_COMPILER_LAUNCHIMAGE_NAME = LaunchImage;
				INFOPLIST_FILE = Todo/Info.plist;
				IPHONEOS_DEPLOYMENT_TARGET = 7.1;
				LD_RUNPATH_SEARCH_PATHS = "$(inherited) @executable_path/Frameworks";
				PRODUCT_NAME = "$(TARGET_NAME)";
			};
			name = Release;
		};
		17856DBC19CEC65500FE61B0 /* Debug */ = {
			isa = XCBuildConfiguration;
			buildSettings = {
				BUNDLE_LOADER = "$(TEST_HOST)";
				FRAMEWORK_SEARCH_PATHS = (
					"$(SDKROOT)/Developer/Library/Frameworks",
					"$(inherited)",
				);
				GCC_PREPROCESSOR_DEFINITIONS = (
					"DEBUG=1",
					"$(inherited)",
				);
				INFOPLIST_FILE = TodoTests/Info.plist;
				LD_RUNPATH_SEARCH_PATHS = "$(inherited) @executable_path/Frameworks @loader_path/Frameworks";
				PRODUCT_NAME = "$(TARGET_NAME)";
				TEST_HOST = "$(BUILT_PRODUCTS_DIR)/Todo.app/Todo";
			};
			name = Debug;
		};
		17856DBD19CEC65500FE61B0 /* Release */ = {
			isa = XCBuildConfiguration;
			buildSettings = {
				BUNDLE_LOADER = "$(TEST_HOST)";
				FRAMEWORK_SEARCH_PATHS = (
					"$(SDKROOT)/Developer/Library/Frameworks",
					"$(inherited)",
				);
				INFOPLIST_FILE = TodoTests/Info.plist;
				LD_RUNPATH_SEARCH_PATHS = "$(inherited) @executable_path/Frameworks @loader_path/Frameworks";
				PRODUCT_NAME = "$(TARGET_NAME)";
				TEST_HOST = "$(BUILT_PRODUCTS_DIR)/Todo.app/Todo";
			};
			name = Release;
		};
/* End XCBuildConfiguration section */

/* Begin XCConfigurationList section */
		17856D9219CEC65400FE61B0 /* Build configuration list for PBXProject "Todo" */ = {
			isa = XCConfigurationList;
			buildConfigurations = (
				17856DB619CEC65500FE61B0 /* Debug */,
				17856DB719CEC65500FE61B0 /* Release */,
			);
			defaultConfigurationIsVisible = 0;
			defaultConfigurationName = Release;
		};
		17856DB819CEC65500FE61B0 /* Build configuration list for PBXNativeTarget "Todo" */ = {
			isa = XCConfigurationList;
			buildConfigurations = (
				17856DB919CEC65500FE61B0 /* Debug */,
				17856DBA19CEC65500FE61B0 /* Release */,
			);
			defaultConfigurationIsVisible = 0;
			defaultConfigurationName = Release;
		};
		17856DBB19CEC65500FE61B0 /* Build configuration list for PBXNativeTarget "TodoTests" */ = {
			isa = XCConfigurationList;
			buildConfigurations = (
				17856DBC19CEC65500FE61B0 /* Debug */,
				17856DBD19CEC65500FE61B0 /* Release */,
			);
			defaultConfigurationIsVisible = 0;
			defaultConfigurationName = Release;
		};
/* End XCConfigurationList section */

/* Begin XCVersionGroup section */
		172504B519CF1E6600C3B33E /* Model.xcdatamodeld */ = {
			isa = XCVersionGroup;
			children = (
				172504B619CF1E6600C3B33E /* Model.xcdatamodel */,
			);
			currentVersion = 172504B619CF1E6600C3B33E /* Model.xcdatamodel */;
			name = Model.xcdatamodeld;
			path = ../Model.xcdatamodeld;
			sourceTree = "<group>";
			versionGroupType = wrapper.xcdatamodel;
		};
/* End XCVersionGroup section */
	};
	rootObject = 17856D8F19CEC65400FE61B0 /* Project object */;
}
